
Microsoft Visual Studio Solution File, Format Version 12.00
# Visual Studio Version 16
VisualStudioVersion = 16.0.32106.194
MinimumVisualStudioVersion = 10.0.40219.1
Project("{FAE04EC0-301F-11D3-BF4B-00C04F79EFBC}") = "Assignment1", "Assignment1.csproj", "{8E14F7E4-DD22-45DF-9DD5-F7B378085CB0}"
EndProject
Global
	GlobalSection(SolutionConfigurationPlatforms) = preSolution
		Debug|Any CPU = Debug|Any CPU
		Release|Any CPU = Release|Any CPU
	EndGlobalSection
	GlobalSection(ProjectConfigurationPlatforms) = postSolution
		{8E14F7E4-DD22-45DF-9DD5-F7B378085CB0}.Debug|Any CPU.ActiveCfg = Debug|Any CPU
		{8E14F7E4-DD22-45DF-9DD5-F7B378085CB0}.Debug|Any CPU.Build.0 = Debug|Any CPU
		{8E14F7E4-DD22-45DF-9DD5-F7B378085CB0}.Release|Any CPU.ActiveCfg = Release|Any CPU
		{8E14F7E4-DD22-45DF-9DD5-F7B378085CB0}.Release|Any CPU.Build.0 = Release|Any CPU
	EndGlobalSection
	GlobalSection(SolutionProperties) = preSolution
		HideSolutionNode = FALSE
	EndGlobalSection
	GlobalSection(ExtensibilityGlobals) = postSolution
		SolutionGuid = {21F3138C-E8EC-4D40-8E37-81D6BA8F2F27}
	EndGlobalSection
EndGlobal
